
Microsoft Visual Studio Solution File, Format Version 12.00
# Visual Studio Version 17
VisualStudioVersion = 17.5.002.0
MinimumVisualStudioVersion = 10.0.40219.1
Project("{9A19103F-16F7-4668-BE54-9A1E7A4F7556}") = "tcpmvc", "tcpmvc.csproj", "{9AD776BC-C504-4E73-A5C7-42121D3B28C9}"
EndProject
Global
	GlobalSection(SolutionConfigurationPlatforms) = preSolution
		Debug|Any CPU = Debug|Any CPU
		Release|Any CPU = Release|Any CPU
	EndGlobalSection
	GlobalSection(ProjectConfigurationPlatforms) = postSolution
		{9AD776BC-C504-4E73-A5C7-42121D3B28C9}.Debug|Any CPU.ActiveCfg = Debug|Any CPU
		{9AD776BC-C504-4E73-A5C7-42121D3B28C9}.Debug|Any CPU.Build.0 = Debug|Any CPU
		{9AD776BC-C504-4E73-A5C7-42121D3B28C9}.Release|Any CPU.ActiveCfg = Release|Any CPU
		{9AD776BC-C504-4E73-A5C7-42121D3B28C9}.Release|Any CPU.Build.0 = Release|Any CPU
	EndGlobalSection
	GlobalSection(SolutionProperties) = preSolution
		HideSolutionNode = FALSE
	EndGlobalSection
	GlobalSection(ExtensibilityGlobals) = postSolution
		SolutionGuid = {105B9496-B8F5-4E57-A408-E77F35600567}
	EndGlobalSection
EndGlobal
